// !$*UTF8*$!
{
	archiveVersion = 1;
	classes = {
	};
	objectVersion = 46;
	objects = {

/* Begin PBXBuildFile section */
		3C348923193D9AC1009DF509 /* Foundation.framework in Frameworks */ = {isa = PBXBuildFile; fileRef = 3C348922193D9AC1009DF509 /* Foundation.framework */; };
		3C348925193D9AC1009DF509 /* CoreGraphics.framework in Frameworks */ = {isa = PBXBuildFile; fileRef = 3C348924193D9AC1009DF509 /* CoreGraphics.framework */; };
		3C348927193D9AC1009DF509 /* UIKit.framework in Frameworks */ = {isa = PBXBuildFile; fileRef = 3C348926193D9AC1009DF509 /* UIKit.framework */; };
		3C34892D193D9AC1009DF509 /* InfoPlist.strings in Resources */ = {isa = PBXBuildFile; fileRef = 3C34892B193D9AC1009DF509 /* InfoPlist.strings */; };
		3C34892F193D9AC1009DF509 /* main.m in Sources */ = {isa = PBXBuildFile; fileRef = 3C34892E193D9AC1009DF509 /* main.m */; };
		3C348933193D9AC1009DF509 /* AppDelegate.m in Sources */ = {isa = PBXBuildFile; fileRef = 3C348932193D9AC1009DF509 /* AppDelegate.m */; };
		3C348936193D9AC1009DF509 /* Main.storyboard in Resources */ = {isa = PBXBuildFile; fileRef = 3C348934193D9AC1009DF509 /* Main.storyboard */; };
		3C348939193D9AC1009DF509 /* ViewController.m in Sources */ = {isa = PBXBuildFile; fileRef = 3C348938193D9AC1009DF509 /* ViewController.m */; };
		3C34893B193D9AC1009DF509 /* Images.xcassets in Resources */ = {isa = PBXBuildFile; fileRef = 3C34893A193D9AC1009DF509 /* Images.xcassets */; };
		3C348942193D9AC2009DF509 /* XCTest.framework in Frameworks */ = {isa = PBXBuildFile; fileRef = 3C348941193D9AC1009DF509 /* XCTest.framework */; };
		3C348943193D9AC2009DF509 /* Foundation.framework in Frameworks */ = {isa = PBXBuildFile; fileRef = 3C348922193D9AC1009DF509 /* Foundation.framework */; };
		3C348944193D9AC2009DF509 /* UIKit.framework in Frameworks */ = {isa = PBXBuildFile; fileRef = 3C348926193D9AC1009DF509 /* UIKit.framework */; };
		3C34894C193D9AC2009DF509 /* InfoPlist.strings in Resources */ = {isa = PBXBuildFile; fileRef = 3C34894A193D9AC2009DF509 /* InfoPlist.strings */; };
		3C34894E193D9AC2009DF509 /* Plist2Tests.m in Sources */ = {isa = PBXBuildFile; fileRef = 3C34894D193D9AC2009DF509 /* Plist2Tests.m */; };
		3C348958193D9BC0009DF509 /* Property List.plist in Resources */ = {isa = PBXBuildFile; fileRef = 3C348957193D9BC0009DF509 /* Property List.plist */; };
		3C34895B193D9DFC009DF509 /* PlistManager.m in Sources */ = {isa = PBXBuildFile; fileRef = 3C34895A193D9DFC009DF509 /* PlistManager.m */; };
/* End PBXBuildFile section */

/* Begin PBXContainerItemProxy section */
		3C348945193D9AC2009DF509 /* PBXContainerItemProxy */ = {
			isa = PBXContainerItemProxy;
			containerPortal = 3C348917193D9AC1009DF509 /* Project object */;
			proxyType = 1;
			remoteGlobalIDString = 3C34891E193D9AC1009DF509;
			remoteInfo = Plist2;
		};
/* End PBXContainerItemProxy section */

/* Begin PBXFileReference section */
		3C34891F193D9AC1009DF509 /* Plist2.app */ = {isa = PBXFileReference; explicitFileType = wrapper.application; includeInIndex = 0; path = Plist2.app; sourceTree = BUILT_PRODUCTS_DIR; };
		3C348922193D9AC1009DF509 /* Foundation.framework */ = {isa = PBXFileReference; lastKnownFileType = wrapper.framework; name = Foundation.framework; path = System/Library/Frameworks/Foundation.framework; sourceTree = SDKROOT; };
		3C348924193D9AC1009DF509 /* CoreGraphics.framework */ = {isa = PBXFileReference; lastKnownFileType = wrapper.framework; name = CoreGraphics.framework; path = System/Library/Frameworks/CoreGraphics.framework; sourceTree = SDKROOT; };
		3C348926193D9AC1009DF509 /* UIKit.framework */ = {isa = PBXFileReference; lastKnownFileType = wrapper.framework; name = UIKit.framework; path = System/Library/Frameworks/UIKit.framework; sourceTree = SDKROOT; };
		3C34892A193D9AC1009DF509 /* Plist2-Info.plist */ = {isa = PBXFileReference; lastKnownFileType = text.plist.xml; path = "Plist2-Info.plist"; sourceTree = "<group>"; };
		3C34892C193D9AC1009DF509 /* en */ = {isa = PBXFileReference; lastKnownFileType = text.plist.strings; name = en; path = en.lproj/InfoPlist.strings; sourceTree = "<group>"; };
		3C34892E193D9AC1009DF509 /* main.m */ = {isa = PBXFileReference; lastKnownFileType = sourcecode.c.objc; path = main.m; sourceTree = "<group>"; };
		3C348930193D9AC1009DF509 /* Plist2-Prefix.pch */ = {isa = PBXFileReference; lastKnownFileType = sourcecode.c.h; path = "Plist2-Prefix.pch"; sourceTree = "<group>"; };
		3C348931193D9AC1009DF509 /* AppDelegate.h */ = {isa = PBXFileReference; lastKnownFileType = sourcecode.c.h; path = AppDelegate.h; sourceTree = "<group>"; };
		3C348932193D9AC1009DF509 /* AppDelegate.m */ = {isa = PBXFileReference; lastKnownFileType = sourcecode.c.objc; path = AppDelegate.m; sourceTree = "<group>"; };
		3C348935193D9AC1009DF509 /* Base */ = {isa = PBXFileReference; lastKnownFileType = file.storyboard; name = Base; path = Base.lproj/Main.storyboard; sourceTree = "<group>"; };
		3C348937193D9AC1009DF509 /* ViewController.h */ = {isa = PBXFileReference; lastKnownFileType = sourcecode.c.h; path = ViewController.h; sourceTree = "<group>"; };
		3C348938193D9AC1009DF509 /* ViewController.m */ = {isa = PBXFileReference; lastKnownFileType = sourcecode.c.objc; path = ViewController.m; sourceTree = "<group>"; };
		3C34893A193D9AC1009DF509 /* Images.xcassets */ = {isa = PBXFileReference; lastKnownFileType = folder.assetcatalog; path = Images.xcassets; sourceTree = "<group>"; };
		3C348940193D9AC1009DF509 /* Plist2Tests.xctest */ = {isa = PBXFileReference; explicitFileType = wrapper.cfbundle; includeInIndex = 0; path = Plist2Tests.xctest; sourceTree = BUILT_PRODUCTS_DIR; };
		3C348941193D9AC1009DF509 /* XCTest.framework */ = {isa = PBXFileReference; lastKnownFileType = wrapper.framework; name = XCTest.framework; path = Library/Frameworks/XCTest.framework; sourceTree = DEVELOPER_DIR; };
		3C348949193D9AC2009DF509 /* Plist2Tests-Info.plist */ = {isa = PBXFileReference; lastKnownFileType = text.plist.xml; path = "Plist2Tests-Info.plist"; sourceTree = "<group>"; };
		3C34894B193D9AC2009DF509 /* en */ = {isa = PBXFileReference; lastKnownFileType = text.plist.strings; name = en; path = en.lproj/InfoPlist.strings; sourceTree = "<group>"; };
		3C34894D193D9AC2009DF509 /* Plist2Tests.m */ = {isa = PBXFileReference; lastKnownFileType = sourcecode.c.objc; path = Plist2Tests.m; sourceTree = "<group>"; };
		3C348957193D9BC0009DF509 /* Property List.plist */ = {isa = PBXFileReference; fileEncoding = 4; lastKnownFileType = text.plist.xml; path = "Property List.plist"; sourceTree = "<group>"; };
		3C348959193D9DFC009DF509 /* PlistManager.h */ = {isa = PBXFileReference; fileEncoding = 4; lastKnownFileType = sourcecode.c.h; path = PlistManager.h; sourceTree = "<group>"; };
		3C34895A193D9DFC009DF509 /* PlistManager.m */ = {isa = PBXFileReference; fileEncoding = 4; lastKnownFileType = sourcecode.c.objc; path = PlistManager.m; sourceTree = "<group>"; };
/* End PBXFileReference section */

/* Begin PBXFrameworksBuildPhase section */
		3C34891C193D9AC1009DF509 /* Frameworks */ = {
			isa = PBXFrameworksBuildPhase;
			buildActionMask = 2147483647;
			files = (
				3C348925193D9AC1009DF509 /* CoreGraphics.framework in Frameworks */,
				3C348927193D9AC1009DF509 /* UIKit.framework in Frameworks */,
				3C348923193D9AC1009DF509 /* Foundation.framework in Frameworks */,
			);
			runOnlyForDeploymentPostprocessing = 0;
		};
		3C34893D193D9AC1009DF509 /* Frameworks */ = {
			isa = PBXFrameworksBuildPhase;
			buildActionMask = 2147483647;
			files = (
				3C348942193D9AC2009DF509 /* XCTest.framework in Frameworks */,
				3C348944193D9AC2009DF509 /* UIKit.framework in Frameworks */,
				3C348943193D9AC2009DF509 /* Foundation.framework in Frameworks */,
			);
			runOnlyForDeploymentPostprocessing = 0;
		};
/* End PBXFrameworksBuildPhase section */

/* Begin PBXGroup section */
		3C348916193D9AC1009DF509 = {
			isa = PBXGroup;
			children = (
				3C348957193D9BC0009DF509 /* Property List.plist */,
				3C348959193D9DFC009DF509 /* PlistManager.h */,
				3C34895A193D9DFC009DF509 /* PlistManager.m */,
				3C348928193D9AC1009DF509 /* Plist2 */,
				3C348947193D9AC2009DF509 /* Plist2Tests */,
				3C348921193D9AC1009DF509 /* Frameworks */,
				3C348920193D9AC1009DF509 /* Products */,
			);
			sourceTree = "<group>";
		};
		3C348920193D9AC1009DF509 /* Products */ = {
			isa = PBXGroup;
			children = (
				3C34891F193D9AC1009DF509 /* Plist2.app */,
				3C348940193D9AC1009DF509 /* Plist2Tests.xctest */,
			);
			name = Products;
			sourceTree = "<group>";
		};
		3C348921193D9AC1009DF509 /* Frameworks */ = {
			isa = PBXGroup;
			children = (
				3C348922193D9AC1009DF509 /* Foundation.framework */,
				3C348924193D9AC1009DF509 /* CoreGraphics.framework */,
				3C348926193D9AC1009DF509 /* UIKit.framework */,
				3C348941193D9AC1009DF509 /* XCTest.framework */,
			);
			name = Frameworks;
			sourceTree = "<group>";
		};
		3C348928193D9AC1009DF509 /* Plist2 */ = {
			isa = PBXGroup;
			children = (
				3C348931193D9AC1009DF509 /* AppDelegate.h */,
				3C348932193D9AC1009DF509 /* AppDelegate.m */,
				3C348934193D9AC1009DF509 /* Main.storyboard */,
				3C348937193D9AC1009DF509 /* ViewController.h */,
				3C348938193D9AC1009DF509 /* ViewController.m */,
				3C34893A193D9AC1009DF509 /* Images.xcassets */,
				3C348929193D9AC1009DF509 /* Supporting Files */,
			);
			path = Plist2;
			sourceTree = "<group>";
		};
		3C348929193D9AC1009DF509 /* Supporting Files */ = {
			isa = PBXGroup;
			children = (
				3C34892A193D9AC1009DF509 /* Plist2-Info.plist */,
				3C34892B193D9AC1009DF509 /* InfoPlist.strings */,
				3C34892E193D9AC1009DF509 /* main.m */,
				3C348930193D9AC1009DF509 /* Plist2-Prefix.pch */,
			);
			name = "Supporting Files";
			sourceTree = "<group>";
		};
		3C348947193D9AC2009DF509 /* Plist2Tests */ = {
			isa = PBXGroup;
			children = (
				3C34894D193D9AC2009DF509 /* Plist2Tests.m */,
				3C348948193D9AC2009DF509 /* Supporting Files */,
			);
			path = Plist2Tests;
			sourceTree = "<group>";
		};
		3C348948193D9AC2009DF509 /* Supporting Files */ = {
			isa = PBXGroup;
			children = (
				3C348949193D9AC2009DF509 /* Plist2Tests-Info.plist */,
				3C34894A193D9AC2009DF509 /* InfoPlist.strings */,
			);
			name = "Supporting Files";
			sourceTree = "<group>";
		};
/* End PBXGroup section */

/* Begin PBXNativeTarget section */
		3C34891E193D9AC1009DF509 /* Plist2 */ = {
			isa = PBXNativeTarget;
			buildConfigurationList = 3C348951193D9AC2009DF509 /* Build configuration list for PBXNativeTarget "Plist2" */;
			buildPhases = (
				3C34891B193D9AC1009DF509 /* Sources */,
				3C34891C193D9AC1009DF509 /* Frameworks */,
				3C34891D193D9AC1009DF509 /* Resources */,
			);
			buildRules = (
			);
			dependencies = (
			);
			name = Plist2;
			productName = Plist2;
			productReference = 3C34891F193D9AC1009DF509 /* Plist2.app */;
			productType = "com.apple.product-type.application";
		};
		3C34893F193D9AC1009DF509 /* Plist2Tests */ = {
			isa = PBXNativeTarget;
			buildConfigurationList = 3C348954193D9AC2009DF509 /* Build configuration list for PBXNativeTarget "Plist2Tests" */;
			buildPhases = (
				3C34893C193D9AC1009DF509 /* Sources */,
				3C34893D193D9AC1009DF509 /* Frameworks */,
				3C34893E193D9AC1009DF509 /* Resources */,
			);
			buildRules = (
			);
			dependencies = (
				3C348946193D9AC2009DF509 /* PBXTargetDependency */,
			);
			name = Plist2Tests;
			productName = Plist2Tests;
			productReference = 3C348940193D9AC1009DF509 /* Plist2Tests.xctest */;
			productType = "com.apple.product-type.bundle.unit-test";
		};
/* End PBXNativeTarget section */

/* Begin PBXProject section */
		3C348917193D9AC1009DF509 /* Project object */ = {
			isa = PBXProject;
			attributes = {
				LastUpgradeCheck = 0510;
				ORGANIZATIONNAME = Hispark;
				TargetAttributes = {
					3C34893F193D9AC1009DF509 = {
						TestTargetID = 3C34891E193D9AC1009DF509;
					};
				};
			};
			buildConfigurationList = 3C34891A193D9AC1009DF509 /* Build configuration list for PBXProject "Plist2" */;
			compatibilityVersion = "Xcode 3.2";
			developmentRegion = English;
			hasScannedForEncodings = 0;
			knownRegions = (
				en,
				Base,
			);
			mainGroup = 3C348916193D9AC1009DF509;
			productRefGroup = 3C348920193D9AC1009DF509 /* Products */;
			projectDirPath = "";
			projectRoot = "";
			targets = (
				3C34891E193D9AC1009DF509 /* Plist2 */,
				3C34893F193D9AC1009DF509 /* Plist2Tests */,
			);
		};
/* End PBXProject section */

/* Begin PBXResourcesBuildPhase section */
		3C34891D193D9AC1009DF509 /* Resources */ = {
			isa = PBXResourcesBuildPhase;
			buildActionMask = 2147483647;
			files = (
				3C34893B193D9AC1009DF509 /* Images.xcassets in Resources */,
				3C34892D193D9AC1009DF509 /* InfoPlist.strings in Resources */,
				3C348958193D9BC0009DF509 /* Property List.plist in Resources */,
				3C348936193D9AC1009DF509 /* Main.storyboard in Resources */,
			);
			runOnlyForDeploymentPostprocessing = 0;
		};
		3C34893E193D9AC1009DF509 /* Resources */ = {
			isa = PBXResourcesBuildPhase;
			buildActionMask = 2147483647;
			files = (
				3C34894C193D9AC2009DF509 /* InfoPlist.strings in Resources */,
			);
			runOnlyForDeploymentPostprocessing = 0;
		};
/* End PBXResourcesBuildPhase section */

/* Begin PBXSourcesBuildPhase section */
		3C34891B193D9AC1009DF509 /* Sources */ = {
			isa = PBXSourcesBuildPhase;
			buildActionMask = 2147483647;
			files = (
				3C34895B193D9DFC009DF509 /* PlistManager.m in Sources */,
				3C348939193D9AC1009DF509 /* ViewController.m in Sources */,
				3C348933193D9AC1009DF509 /* AppDelegate.m in Sources */,
				3C34892F193D9AC1009DF509 /* main.m in Sources */,
			);
			runOnlyForDeploymentPostprocessing = 0;
		};
		3C34893C193D9AC1009DF509 /* Sources */ = {
			isa = PBXSourcesBuildPhase;
			buildActionMask = 2147483647;
			files = (
				3C34894E193D9AC2009DF509 /* Plist2Tests.m in Sources */,
			);
			runOnlyForDeploymentPostprocessing = 0;
		};
/* End PBXSourcesBuildPhase section */

/* Begin PBXTargetDependency section */
		3C348946193D9AC2009DF509 /* PBXTargetDependency */ = {
			isa = PBXTargetDependency;
			target = 3C34891E193D9AC1009DF509 /* Plist2 */;
			targetProxy = 3C348945193D9AC2009DF509 /* PBXContainerItemProxy */;
		};
/* End PBXTargetDependency section */

/* Begin PBXVariantGroup section */
		3C34892B193D9AC1009DF509 /* InfoPlist.strings */ = {
			isa = PBXVariantGroup;
			children = (
				3C34892C193D9AC1009DF509 /* en */,
			);
			name = InfoPlist.strings;
			sourceTree = "<group>";
		};
		3C348934193D9AC1009DF509 /* Main.storyboard */ = {
			isa = PBXVariantGroup;
			children = (
				3C348935193D9AC1009DF509 /* Base */,
			);
			name = Main.storyboard;
			sourceTree = "<group>";
		};
		3C34894A193D9AC2009DF509 /* InfoPlist.strings */ = {
			isa = PBXVariantGroup;
			children = (
				3C34894B193D9AC2009DF509 /* en */,
			);
			name = InfoPlist.strings;
			sourceTree = "<group>";
		};
/* End PBXVariantGroup section */

/* Begin XCBuildConfiguration section */
		3C34894F193D9AC2009DF509 /* Debug */ = {
			isa = XCBuildConfiguration;
			buildSettings = {
				ALWAYS_SEARCH_USER_PATHS = NO;
				CLANG_CXX_LANGUAGE_STANDARD = "gnu++0x";
				CLANG_CXX_LIBRARY = "libc++";
				CLANG_ENABLE_MODULES = YES;
				CLANG_ENABLE_OBJC_ARC = YES;
				CLANG_WARN_BOOL_CONVERSION = YES;
				CLANG_WARN_CONSTANT_CONVERSION = YES;
				CLANG_WARN_DIRECT_OBJC_ISA_USAGE = YES_ERROR;
				CLANG_WARN_EMPTY_BODY = YES;
				CLANG_WARN_ENUM_CONVERSION = YES;
				CLANG_WARN_INT_CONVERSION = YES;
				CLANG_WARN_OBJC_ROOT_CLASS = YES_ERROR;
				CLANG_WARN__DUPLICATE_METHOD_MATCH = YES;
				"CODE_SIGN_IDENTITY[sdk=iphoneos*]" = "iPhone Developer";
				COPY_PHASE_STRIP = NO;
				GCC_C_LANGUAGE_STANDARD = gnu99;
				GCC_DYNAMIC_NO_PIC = NO;
				GCC_OPTIMIZATION_LEVEL = 0;
				GCC_PREPROCESSOR_DEFINITIONS = (
					"DEBUG=1",
					"$(inherited)",
				);
				GCC_SYMBOLS_PRIVATE_EXTERN = NO;
				GCC_WARN_64_TO_32_BIT_CONVERSION = YES;
				GCC_WARN_ABOUT_RETURN_TYPE = YES_ERROR;
				GCC_WARN_UNDECLARED_SELECTOR = YES;
				GCC_WARN_UNINITIALIZED_AUTOS = YES_AGGRESSIVE;
				GCC_WARN_UNUSED_FUNCTION = YES;
				GCC_WARN_UNUSED_VARIABLE = YES;
				IPHONEOS_DEPLOYMENT_TARGET = 7.1;
				ONLY_ACTIVE_ARCH = YES;
				SDKROOT = iphoneos;
			};
			name = Debug;
		};
		3C348950193D9AC2009DF509 /* Release */ = {
			isa = XCBuildConfiguration;
			buildSettings = {
				ALWAYS_SEARCH_USER_PATHS = NO;
				CLANG_CXX_LANGUAGE_STANDARD = "gnu++0x";
				CLANG_CXX_LIBRARY = "libc++";
				CLANG_ENABLE_MODULES = YES;
				CLANG_ENABLE_OBJC_ARC = YES;
				CLANG_WARN_BOOL_CONVERSION = YES;
				CLANG_WARN_CONSTANT_CONVERSION = YES;
				CLANG_WARN_DIRECT_OBJC_ISA_USAGE = YES_ERROR;
				CLANG_WARN_EMPTY_BODY = YES;
				CLANG_WARN_ENUM_CONVERSION = YES;
				CLANG_WARN_INT_CONVERSION = YES;
				CLANG_WARN_OBJC_ROOT_CLASS = YES_ERROR;
				CLANG_WARN__DUPLICATE_METHOD_MATCH = YES;
				"CODE_SIGN_IDENTITY[sdk=iphoneos*]" = "iPhone Developer";
				COPY_PHASE_STRIP = YES;
				ENABLE_NS_ASSERTIONS = NO;
				GCC_C_LANGUAGE_STANDARD = gnu99;
				GCC_WARN_64_TO_32_BIT_CONVERSION = YES;
				GCC_WARN_ABOUT_RETURN_TYPE = YES_ERROR;
				GCC_WARN_UNDECLARED_SELECTOR = YES;
				GCC_WARN_UNINITIALIZED_AUTOS = YES_AGGRESSIVE;
				GCC_WARN_UNUSED_FUNCTION = YES;
				GCC_WARN_UNUSED_VARIABLE = YES;
				IPHONEOS_DEPLOYMENT_TARGET = 7.1;
				SDKROOT = iphoneos;
				VALIDATE_PRODUCT = YES;
			};
			name = Release;
		};
		3C348952193D9AC2009DF509 /* Debug */ = {
			isa = XCBuildConfiguration;
			buildSettings = {
				ASSETCATALOG_COMPILER_APPICON_NAME = AppIcon;
				ASSETCATALOG_COMPILER_LAUNCHIMAGE_NAME = LaunchImage;
				GCC_PRECOMPILE_PREFIX_HEADER = YES;
				GCC_PREFIX_HEADER = "Plist2/Plist2-Prefix.pch";
				INFOPLIST_FILE = "Plist2/Plist2-Info.plist";
				PRODUCT_NAME = "$(TARGET_NAME)";
				WRAPPER_EXTENSION = app;
			};
			name = Debug;
		};
		3C348953193D9AC2009DF509 /* Release */ = {
			isa = XCBuildConfiguration;
			buildSettings = {
				ASSETCATALOG_COMPILER_APPICON_NAME = AppIcon;
				ASSETCATALOG_COMPILER_LAUNCHIMAGE_NAME = LaunchImage;
				GCC_PRECOMPILE_PREFIX_HEADER = YES;
				GCC_PREFIX_HEADER = "Plist2/Plist2-Prefix.pch";
				INFOPLIST_FILE = "Plist2/Plist2-Info.plist";
				PRODUCT_NAME = "$(TARGET_NAME)";
				WRAPPER_EXTENSION = app;
			};
			name = Release;
		};
		3C348955193D9AC2009DF509 /* Debug */ = {
			isa = XCBuildConfiguration;
			buildSettings = {
				BUNDLE_LOADER = "$(BUILT_PRODUCTS_DIR)/Plist2.app/Plist2";
				FRAMEWORK_SEARCH_PATHS = (
					"$(SDKROOT)/Developer/Library/Frameworks",
					"$(inherited)",
					"$(DEVELOPER_FRAMEWORKS_DIR)",
				);
				GCC_PRECOMPILE_PREFIX_HEADER = YES;
				GCC_PREFIX_HEADER = "Plist2/Plist2-Prefix.pch";
				GCC_PREPROCESSOR_DEFINITIONS = (
					"DEBUG=1",
					"$(inherited)",
				);
				INFOPLIST_FILE = "Plist2Tests/Plist2Tests-Info.plist";
				PRODUCT_NAME = "$(TARGET_NAME)";
				TEST_HOST = "$(BUNDLE_LOADER)";
				WRAPPER_EXTENSION = xctest;
			};
			name = Debug;
		};
		3C348956193D9AC2009DF509 /* Release */ = {
			isa = XCBuildConfiguration;
			buildSettings = {
				BUNDLE_LOADER = "$(BUILT_PRODUCTS_DIR)/Plist2.app/Plist2";
				FRAMEWORK_SEARCH_PATHS = (
					"$(SDKROOT)/Developer/Library/Frameworks",
					"$(inherited)",
					"$(DEVELOPER_FRAMEWORKS_DIR)",
				);
				GCC_PRECOMPILE_PREFIX_HEADER = YES;
				GCC_PREFIX_HEADER = "Plist2/Plist2-Prefix.pch";
				INFOPLIST_FILE = "Plist2Tests/Plist2Tests-Info.plist";
				PRODUCT_NAME = "$(TARGET_NAME)";
				TEST_HOST = "$(BUNDLE_LOADER)";
				WRAPPER_EXTENSION = xctest;
			};
			name = Release;
		};
/* End XCBuildConfiguration section */

/* Begin XCConfigurationList section */
		3C34891A193D9AC1009DF509 /* Build configuration list for PBXProject "Plist2" */ = {
			isa = XCConfigurationList;
			buildConfigurations = (
				3C34894F193D9AC2009DF509 /* Debug */,
				3C348950193D9AC2009DF509 /* Release */,
			);
			defaultConfigurationIsVisible = 0;
			defaultConfigurationName = Release;
		};
		3C348951193D9AC2009DF509 /* Build configuration list for PBXNativeTarget "Plist2" */ = {
			isa = XCConfigurationList;
			buildConfigurations = (
				3C348952193D9AC2009DF509 /* Debug */,
				3C348953193D9AC2009DF509 /* Release */,
			);
			defaultConfigurationIsVisible = 0;
			defaultConfigurationName = Release;
		};
		3C348954193D9AC2009DF509 /* Build configuration list for PBXNativeTarget "Plist2Tests" */ = {
			isa = XCConfigurationList;
			buildConfigurations = (
				3C348955193D9AC2009DF509 /* Debug */,
				3C348956193D9AC2009DF509 /* Release */,
			);
			defaultConfigurationIsVisible = 0;
			defaultConfigurationName = Release;
		};
/* End XCConfigurationList section */
	};
	rootObject = 3C348917193D9AC1009DF509 /* Project object */;
}
